{
    "_meta": {
        "hash": {
            "sha256": "8d28e503af2a5207eb2e6fe53e8b11567cbb25cd3a16efe8370dc00cdaea7614"
        },
        "requires": {},
        "sources": [
            {
                "url": "https://pypi.python.org/simple",
                "verify_ssl": true
            }
        ]
    },
    "default": {
        "py": {
            "version": "==1.4.34"
        },
        "pytest": {
            "version": "==3.2.3"
        },
        "setuptools": {
            "version": "==36.6.0"
        }
    },
    "develop": {}
}
